
Microsoft Visual Studio Solution File, Format Version 12.00
# Visual Studio Version 16
VisualStudioVersion = 16.0.31005.135
MinimumVisualStudioVersion = 10.0.40219.1
Project("{FAE04EC0-301F-11D3-BF4B-00C04F79EFBC}") = "WpfApp1", "WpfApp1.csproj", "{2F3C7C30-2CAC-4B73-96ED-8C7C5BEAD50E}"
EndProject
Global
	GlobalSection(SolutionConfigurationPlatforms) = preSolution
		Debug|Any CPU = Debug|Any CPU
		Release|Any CPU = Release|Any CPU
	EndGlobalSection
	GlobalSection(ProjectConfigurationPlatforms) = postSolution
		{2F3C7C30-2CAC-4B73-96ED-8C7C5BEAD50E}.Debug|Any CPU.ActiveCfg = Debug|Any CPU
		{2F3C7C30-2CAC-4B73-96ED-8C7C5BEAD50E}.Debug|Any CPU.Build.0 = Debug|Any CPU
		{2F3C7C30-2CAC-4B73-96ED-8C7C5BEAD50E}.Release|Any CPU.ActiveCfg = Release|Any CPU
		{2F3C7C30-2CAC-4B73-96ED-8C7C5BEAD50E}.Release|Any CPU.Build.0 = Release|Any CPU
	EndGlobalSection
	GlobalSection(SolutionProperties) = preSolution
		HideSolutionNode = FALSE
	EndGlobalSection
	GlobalSection(ExtensibilityGlobals) = postSolution
		SolutionGuid = {CB016501-E678-4BB8-9446-F7F251BB68A1}
	EndGlobalSection
EndGlobal
